
Microsoft Visual Studio Solution File, Format Version 12.00
# Visual Studio Version 16
VisualStudioVersion = 16.0.32602.291
MinimumVisualStudioVersion = 10.0.40219.1
Project("{8BC9CEB8-8B4A-11D0-8D11-00A0C91BC942}") = "add_Filter", "add_Filter\add_Filter.vcxproj", "{84739AF9-8F7A-4887-AD36-EED08827EDA2}"
EndProject
Project("{8BC9CEB8-8B4A-11D0-8D11-00A0C91BC942}") = "install_service", "install_service\install_service.vcxproj", "{3181E00D-A914-4BA6-92D2-1753D71CE6A5}"
EndProject
Project("{8BC9CEB8-8B4A-11D0-8D11-00A0C91BC942}") = "remove_service", "remove_service\remove_service.vcxproj", "{89A07376-3D22-44F8-87E8-1DEC09074A76}"
EndProject
Project("{8BC9CEB8-8B4A-11D0-8D11-00A0C91BC942}") = "start_service", "start_service\start_service.vcxproj", "{8384D36F-B0D6-4AB9-9C63-8F68FEF4BBC0}"
EndProject
Project("{8BC9CEB8-8B4A-11D0-8D11-00A0C91BC942}") = "stop_service", "stop_service\stop_service.vcxproj", "{AB59DBB4-CC74-4FD6-928E-F947B89F77F7}"
EndProject
Project("{8BC9CEB8-8B4A-11D0-8D11-00A0C91BC942}") = "wdf_wfp_callout", "wdf_wfp_callout\wdf_wfp_callout.vcxproj", "{9868119E-A6EF-4E9A-9F59-ADDD73113260}"
EndProject
Global
	GlobalSection(SolutionConfigurationPlatforms) = preSolution
		Debug|Win32 = Debug|Win32
		Debug|x64 = Debug|x64
		Release|Win32 = Release|Win32
		Release|x64 = Release|x64
		win10 Debug|Win32 = win10 Debug|Win32
		win10 Debug|x64 = win10 Debug|x64
		Win7 Debug|Win32 = Win7 Debug|Win32
		Win7 Debug|x64 = Win7 Debug|x64
		Win7 Release|Win32 = Win7 Release|Win32
		Win7 Release|x64 = Win7 Release|x64
		Win8 Debug|Win32 = Win8 Debug|Win32
		Win8 Debug|x64 = Win8 Debug|x64
		Win8 Release|Win32 = Win8 Release|Win32
		Win8 Release|x64 = Win8 Release|x64
		Win8.1 Debug|Win32 = Win8.1 Debug|Win32
		Win8.1 Debug|x64 = Win8.1 Debug|x64
		Win8.1 Release|Win32 = Win8.1 Release|Win32
		Win8.1 Release|x64 = Win8.1 Release|x64
	EndGlobalSection
	GlobalSection(ProjectConfigurationPlatforms) = postSolution
		{84739AF9-8F7A-4887-AD36-EED08827EDA2}.Debug|Win32.ActiveCfg = Debug|Win32
		{84739AF9-8F7A-4887-AD36-EED08827EDA2}.Debug|Win32.Build.0 = Debug|Win32
		{84739AF9-8F7A-4887-AD36-EED08827EDA2}.Debug|x64.ActiveCfg = Debug|x64
		{84739AF9-8F7A-4887-AD36-EED08827EDA2}.Debug|x64.Build.0 = Debug|x64
		{84739AF9-8F7A-4887-AD36-EED08827EDA2}.Release|Win32.ActiveCfg = Release|Win32
		{84739AF9-8F7A-4887-AD36-EED08827EDA2}.Release|Win32.Build.0 = Release|Win32
		{84739AF9-8F7A-4887-AD36-EED08827EDA2}.Release|x64.ActiveCfg = Release|x64
		{84739AF9-8F7A-4887-AD36-EED08827EDA2}.Release|x64.Build.0 = Release|x64
		{84739AF9-8F7A-4887-AD36-EED08827EDA2}.win10 Debug|Win32.ActiveCfg = Debug|Win32
		{84739AF9-8F7A-4887-AD36-EED08827EDA2}.win10 Debug|Win32.Build.0 = Debug|Win32
		{84739AF9-8F7A-4887-AD36-EED08827EDA2}.win10 Debug|x64.ActiveCfg = Debug|x64
		{84739AF9-8F7A-4887-AD36-EED08827EDA2}.win10 Debug|x64.Build.0 = Debug|x64
		{84739AF9-8F7A-4887-AD36-EED08827EDA2}.Win7 Debug|Win32.ActiveCfg = Debug|Win32
		{84739AF9-8F7A-4887-AD36-EED08827EDA2}.Win7 Debug|Win32.Build.0 = Debug|Win32
		{84739AF9-8F7A-4887-AD36-EED08827EDA2}.Win7 Debug|x64.ActiveCfg = Debug|x64
		{84739AF9-8F7A-4887-AD36-EED08827EDA2}.Win7 Debug|x64.Build.0 = Debug|x64
		{84739AF9-8F7A-4887-AD36-EED08827EDA2}.Win7 Release|Win32.ActiveCfg = Release|Win32
		{84739AF9-8F7A-4887-AD36-EED08827EDA2}.Win7 Release|Win32.Build.0 = Release|Win32
		{84739AF9-8F7A-4887-AD36-EED08827EDA2}.Win7 Release|x64.ActiveCfg = Release|x64
		{84739AF9-8F7A-4887-AD36-EED08827EDA2}.Win7 Release|x64.Build.0 = Release|x64
		{84739AF9-8F7A-4887-AD36-EED08827EDA2}.Win8 Debug|Win32.ActiveCfg = Debug|Win32
		{84739AF9-8F7A-4887-AD36-EED08827EDA2}.Win8 Debug|Win32.Build.0 = Debug|Win32
		{84739AF9-8F7A-4887-AD36-EED08827EDA2}.Win8 Debug|x64.ActiveCfg = Debug|x64
		{84739AF9-8F7A-4887-AD36-EED08827EDA2}.Win8 Debug|x64.Build.0 = Debug|x64
		{84739AF9-8F7A-4887-AD36-EED08827EDA2}.Win8 Release|Win32.ActiveCfg = Release|Win32
		{84739AF9-8F7A-4887-AD36-EED08827EDA2}.Win8 Release|Win32.Build.0 = Release|Win32
		{84739AF9-8F7A-4887-AD36-EED08827EDA2}.Win8 Release|x64.ActiveCfg = Release|x64
		{84739AF9-8F7A-4887-AD36-EED08827EDA2}.Win8 Release|x64.Build.0 = Release|x64
		{84739AF9-8F7A-4887-AD36-EED08827EDA2}.Win8.1 Debug|Win32.ActiveCfg = Debug|Win32
		{84739AF9-8F7A-4887-AD36-EED08827EDA2}.Win8.1 Debug|Win32.Build.0 = Debug|Win32
		{84739AF9-8F7A-4887-AD36-EED08827EDA2}.Win8.1 Debug|x64.ActiveCfg = Debug|x64
		{84739AF9-8F7A-4887-AD36-EED08827EDA2}.Win8.1 Debug|x64.Build.0 = Debug|x64
		{84739AF9-8F7A-4887-AD36-EED08827EDA2}.Win8.1 Release|Win32.ActiveCfg = Release|Win32
		{84739AF9-8F7A-4887-AD36-EED08827EDA2}.Win8.1 Release|Win32.Build.0 = Release|Win32
		{84739AF9-8F7A-4887-AD36-EED08827EDA2}.Win8.1 Release|x64.ActiveCfg = Release|x64
		{84739AF9-8F7A-4887-AD36-EED08827EDA2}.Win8.1 Release|x64.Build.0 = Release|x64
		{3181E00D-A914-4BA6-92D2-1753D71CE6A5}.Debug|Win32.ActiveCfg = Debug|Win32
		{3181E00D-A914-4BA6-92D2-1753D71CE6A5}.Debug|Win32.Build.0 = Debug|Win32
		{3181E00D-A914-4BA6-92D2-1753D71CE6A5}.Debug|x64.ActiveCfg = Debug|x64
		{3181E00D-A914-4BA6-92D2-1753D71CE6A5}.Debug|x64.Build.0 = Debug|x64
		{3181E00D-A914-4BA6-92D2-1753D71CE6A5}.Release|Win32.ActiveCfg = Release|Win32
		{3181E00D-A914-4BA6-92D2-1753D71CE6A5}.Release|Win32.Build.0 = Release|Win32
		{3181E00D-A914-4BA6-92D2-1753D71CE6A5}.Release|x64.ActiveCfg = Release|x64
		{3181E00D-A914-4BA6-92D2-1753D71CE6A5}.Release|x64.Build.0 = Release|x64
		{3181E00D-A914-4BA6-92D2-1753D71CE6A5}.win10 Debug|Win32.ActiveCfg = Debug|Win32
		{3181E00D-A914-4BA6-92D2-1753D71CE6A5}.win10 Debug|Win32.Build.0 = Debug|Win32
		{3181E00D-A914-4BA6-92D2-1753D71CE6A5}.win10 Debug|x64.ActiveCfg = Debug|x64
		{3181E00D-A914-4BA6-92D2-1753D71CE6A5}.win10 Debug|x64.Build.0 = Debug|x64
		{3181E00D-A914-4BA6-92D2-1753D71CE6A5}.Win7 Debug|Win32.ActiveCfg = Debug|Win32
		{3181E00D-A914-4BA6-92D2-1753D71CE6A5}.Win7 Debug|Win32.Build.0 = Debug|Win32
		{3181E00D-A914-4BA6-92D2-1753D71CE6A5}.Win7 Debug|x64.ActiveCfg = Debug|x64
		{3181E00D-A914-4BA6-92D2-1753D71CE6A5}.Win7 Debug|x64.Build.0 = Debug|x64
		{3181E00D-A914-4BA6-92D2-1753D71CE6A5}.Win7 Release|Win32.ActiveCfg = Release|Win32
		{3181E00D-A914-4BA6-92D2-1753D71CE6A5}.Win7 Release|Win32.Build.0 = Release|Win32
		{3181E00D-A914-4BA6-92D2-1753D71CE6A5}.Win7 Release|x64.ActiveCfg = Release|x64
		{3181E00D-A914-4BA6-92D2-1753D71CE6A5}.Win7 Release|x64.Build.0 = Release|x64
		{3181E00D-A914-4BA6-92D2-1753D71CE6A5}.Win8 Debug|Win32.ActiveCfg = Debug|Win32
		{3181E00D-A914-4BA6-92D2-1753D71CE6A5}.Win8 Debug|Win32.Build.0 = Debug|Win32
		{3181E00D-A914-4BA6-92D2-1753D71CE6A5}.Win8 Debug|x64.ActiveCfg = Debug|x64
		{3181E00D-A914-4BA6-92D2-1753D71CE6A5}.Win8 Debug|x64.Build.0 = Debug|x64
		{3181E00D-A914-4BA6-92D2-1753D71CE6A5}.Win8 Release|Win32.ActiveCfg = Release|Win32
		{3181E00D-A914-4BA6-92D2-1753D71CE6A5}.Win8 Release|Win32.Build.0 = Release|Win32
		{3181E00D-A914-4BA6-92D2-1753D71CE6A5}.Win8 Release|x64.ActiveCfg = Release|x64
		{3181E00D-A914-4BA6-92D2-1753D71CE6A5}.Win8 Release|x64.Build.0 = Release|x64
		{3181E00D-A914-4BA6-92D2-1753D71CE6A5}.Win8.1 Debug|Win32.ActiveCfg = Debug|Win32
		{3181E00D-A914-4BA6-92D2-1753D71CE6A5}.Win8.1 Debug|Win32.Build.0 = Debug|Win32
		{3181E00D-A914-4BA6-92D2-1753D71CE6A5}.Win8.1 Debug|x64.ActiveCfg = Debug|x64
		{3181E00D-A914-4BA6-92D2-1753D71CE6A5}.Win8.1 Debug|x64.Build.0 = Debug|x64
		{3181E00D-A914-4BA6-92D2-1753D71CE6A5}.Win8.1 Release|Win32.ActiveCfg = Release|Win32
		{3181E00D-A914-4BA6-92D2-1753D71CE6A5}.Win8.1 Release|Win32.Build.0 = Release|Win32
		{3181E00D-A914-4BA6-92D2-1753D71CE6A5}.Win8.1 Release|x64.ActiveCfg = Release|x64
		{3181E00D-A914-4BA6-92D2-1753D71CE6A5}.Win8.1 Release|x64.Build.0 = Release|x64
		{89A07376-3D22-44F8-87E8-1DEC09074A76}.Debug|Win32.ActiveCfg = Debug|Win32
		{89A07376-3D22-44F8-87E8-1DEC09074A76}.Debug|Win32.Build.0 = Debug|Win32
		{89A07376-3D22-44F8-87E8-1DEC09074A76}.Debug|x64.ActiveCfg = Debug|x64
		{89A07376-3D22-44F8-87E8-1DEC09074A76}.Debug|x64.Build.0 = Debug|x64
		{89A07376-3D22-44F8-87E8-1DEC09074A76}.Release|Win32.ActiveCfg = Release|Win32
		{89A07376-3D22-44F8-87E8-1DEC09074A76}.Release|Win32.Build.0 = Release|Win32
		{89A07376-3D22-44F8-87E8-1DEC09074A76}.Release|x64.ActiveCfg = Release|x64
		{89A07376-3D22-44F8-87E8-1DEC09074A76}.Release|x64.Build.0 = Release|x64
		{89A07376-3D22-44F8-87E8-1DEC09074A76}.win10 Debug|Win32.ActiveCfg = Debug|Win32
		{89A07376-3D22-44F8-87E8-1DEC09074A76}.win10 Debug|Win32.Build.0 = Debug|Win32
		{89A07376-3D22-44F8-87E8-1DEC09074A76}.win10 Debug|x64.ActiveCfg = Debug|x64
		{89A07376-3D22-44F8-87E8-1DEC09074A76}.win10 Debug|x64.Build.0 = Debug|x64
		{89A07376-3D22-44F8-87E8-1DEC09074A76}.Win7 Debug|Win32.ActiveCfg = Debug|Win32
		{89A07376-3D22-44F8-87E8-1DEC09074A76}.Win7 Debug|Win32.Build.0 = Debug|Win32
		{89A07376-3D22-44F8-87E8-1DEC09074A76}.Win7 Debug|x64.ActiveCfg = Debug|x64
		{89A07376-3D22-44F8-87E8-1DEC09074A76}.Win7 Debug|x64.Build.0 = Debug|x64
		{89A07376-3D22-44F8-87E8-1DEC09074A76}.Win7 Release|Win32.ActiveCfg = Release|Win32
		{89A07376-3D22-44F8-87E8-1DEC09074A76}.Win7 Release|Win32.Build.0 = Release|Win32
		{89A07376-3D22-44F8-87E8-1DEC09074A76}.Win7 Release|x64.ActiveCfg = Release|x64
		{89A07376-3D22-44F8-87E8-1DEC09074A76}.Win7 Release|x64.Build.0 = Release|x64
		{89A07376-3D22-44F8-87E8-1DEC09074A76}.Win8 Debug|Win32.ActiveCfg = Debug|Win32
		{89A07376-3D22-44F8-87E8-1DEC09074A76}.Win8 Debug|Win32.Build.0 = Debug|Win32
		{89A07376-3D22-44F8-87E8-1DEC09074A76}.Win8 Debug|x64.ActiveCfg = Debug|x64
		{89A07376-3D22-44F8-87E8-1DEC09074A76}.Win8 Debug|x64.Build.0 = Debug|x64
		{89A07376-3D22-44F8-87E8-1DEC09074A76}.Win8 Release|Win32.ActiveCfg = Release|Win32
		{89A07376-3D22-44F8-87E8-1DEC09074A76}.Win8 Release|Win32.Build.0 = Release|Win32
		{89A07376-3D22-44F8-87E8-1DEC09074A76}.Win8 Release|x64.ActiveCfg = Release|x64
		{89A07376-3D22-44F8-87E8-1DEC09074A76}.Win8 Release|x64.Build.0 = Release|x64
		{89A07376-3D22-44F8-87E8-1DEC09074A76}.Win8.1 Debug|Win32.ActiveCfg = Debug|Win32
		{89A07376-3D22-44F8-87E8-1DEC09074A76}.Win8.1 Debug|Win32.Build.0 = Debug|Win32
		{89A07376-3D22-44F8-87E8-1DEC09074A76}.Win8.1 Debug|x64.ActiveCfg = Debug|x64
		{89A07376-3D22-44F8-87E8-1DEC09074A76}.Win8.1 Debug|x64.Build.0 = Debug|x64
		{89A07376-3D22-44F8-87E8-1DEC09074A76}.Win8.1 Release|Win32.ActiveCfg = Release|Win32
		{89A07376-3D22-44F8-87E8-1DEC09074A76}.Win8.1 Release|Win32.Build.0 = Release|Win32
		{89A07376-3D22-44F8-87E8-1DEC09074A76}.Win8.1 Release|x64.ActiveCfg = Release|x64
		{89A07376-3D22-44F8-87E8-1DEC09074A76}.Win8.1 Release|x64.Build.0 = Release|x64
		{8384D36F-B0D6-4AB9-9C63-8F68FEF4BBC0}.Debug|Win32.ActiveCfg = Debug|Win32
		{8384D36F-B0D6-4AB9-9C63-8F68FEF4BBC0}.Debug|Win32.Build.0 = Debug|Win32
		{8384D36F-B0D6-4AB9-9C63-8F68FEF4BBC0}.Debug|x64.ActiveCfg = Debug|x64
		{8384D36F-B0D6-4AB9-9C63-8F68FEF4BBC0}.Debug|x64.Build.0 = Debug|x64
		{8384D36F-B0D6-4AB9-9C63-8F68FEF4BBC0}.Release|Win32.ActiveCfg = Release|Win32
		{8384D36F-B0D6-4AB9-9C63-8F68FEF4BBC0}.Release|Win32.Build.0 = Release|Win32
		{8384D36F-B0D6-4AB9-9C63-8F68FEF4BBC0}.Release|x64.ActiveCfg = Release|x64
		{8384D36F-B0D6-4AB9-9C63-8F68FEF4BBC0}.Release|x64.Build.0 = Release|x64
		{8384D36F-B0D6-4AB9-9C63-8F68FEF4BBC0}.win10 Debug|Win32.ActiveCfg = Debug|Win32
		{8384D36F-B0D6-4AB9-9C63-8F68FEF4BBC0}.win10 Debug|Win32.Build.0 = Debug|Win32
		{8384D36F-B0D6-4AB9-9C63-8F68FEF4BBC0}.win10 Debug|x64.ActiveCfg = Debug|x64
		{8384D36F-B0D6-4AB9-9C63-8F68FEF4BBC0}.win10 Debug|x64.Build.0 = Debug|x64
		{8384D36F-B0D6-4AB9-9C63-8F68FEF4BBC0}.Win7 Debug|Win32.ActiveCfg = Debug|Win32
		{8384D36F-B0D6-4AB9-9C63-8F68FEF4BBC0}.Win7 Debug|Win32.Build.0 = Debug|Win32
		{8384D36F-B0D6-4AB9-9C63-8F68FEF4BBC0}.Win7 Debug|x64.ActiveCfg = Debug|x64
		{8384D36F-B0D6-4AB9-9C63-8F68FEF4BBC0}.Win7 Debug|x64.Build.0 = Debug|x64
		{8384D36F-B0D6-4AB9-9C63-8F68FEF4BBC0}.Win7 Release|Win32.ActiveCfg = Release|Win32
		{8384D36F-B0D6-4AB9-9C63-8F68FEF4BBC0}.Win7 Release|Win32.Build.0 = Release|Win32
		{8384D36F-B0D6-4AB9-9C63-8F68FEF4BBC0}.Win7 Release|x64.ActiveCfg = Release|x64
		{8384D36F-B0D6-4AB9-9C63-8F68FEF4BBC0}.Win7 Release|x64.Build.0 = Release|x64
		{8384D36F-B0D6-4AB9-9C63-8F68FEF4BBC0}.Win8 Debug|Win32.ActiveCfg = Debug|Win32
		{8384D36F-B0D6-4AB9-9C63-8F68FEF4BBC0}.Win8 Debug|Win32.Build.0 = Debug|Win32
		{8384D36F-B0D6-4AB9-9C63-8F68FEF4BBC0}.Win8 Debug|x64.ActiveCfg = Debug|x64
		{8384D36F-B0D6-4AB9-9C63-8F68FEF4BBC0}.Win8 Debug|x64.Build.0 = Debug|x64
		{8384D36F-B0D6-4AB9-9C63-8F68FEF4BBC0}.Win8 Release|Win32.ActiveCfg = Release|Win32
		{8384D36F-B0D6-4AB9-9C63-8F68FEF4BBC0}.Win8 Release|Win32.Build.0 = Release|Win32
		{8384D36F-B0D6-4AB9-9C63-8F68FEF4BBC0}.Win8 Release|x64.ActiveCfg = Release|x64
		{8384D36F-B0D6-4AB9-9C63-8F68FEF4BBC0}.Win8 Release|x64.Build.0 = Release|x64
		{8384D36F-B0D6-4AB9-9C63-8F68FEF4BBC0}.Win8.1 Debug|Win32.ActiveCfg = Debug|Win32
		{8384D36F-B0D6-4AB9-9C63-8F68FEF4BBC0}.Win8.1 Debug|Win32.Build.0 = Debug|Win32
		{8384D36F-B0D6-4AB9-9C63-8F68FEF4BBC0}.Win8.1 Debug|x64.ActiveCfg = Debug|x64
		{8384D36F-B0D6-4AB9-9C63-8F68FEF4BBC0}.Win8.1 Debug|x64.Build.0 = Debug|x64
		{8384D36F-B0D6-4AB9-9C63-8F68FEF4BBC0}.Win8.1 Release|Win32.ActiveCfg = Release|Win32
		{8384D36F-B0D6-4AB9-9C63-8F68FEF4BBC0}.Win8.1 Release|Win32.Build.0 = Release|Win32
		{8384D36F-B0D6-4AB9-9C63-8F68FEF4BBC0}.Win8.1 Release|x64.ActiveCfg = Release|x64
		{8384D36F-B0D6-4AB9-9C63-8F68FEF4BBC0}.Win8.1 Release|x64.Build.0 = Release|x64
		{AB59DBB4-CC74-4FD6-928E-F947B89F77F7}.Debug|Win32.ActiveCfg = Debug|Win32
		{AB59DBB4-CC74-4FD6-928E-F947B89F77F7}.Debug|Win32.Build.0 = Debug|Win32
		{AB59DBB4-CC74-4FD6-928E-F947B89F77F7}.Debug|x64.ActiveCfg = Debug|x64
		{AB59DBB4-CC74-4FD6-928E-F947B89F77F7}.Debug|x64.Build.0 = Debug|x64
		{AB59DBB4-CC74-4FD6-928E-F947B89F77F7}.Release|Win32.ActiveCfg = Release|Win32
		{AB59DBB4-CC74-4FD6-928E-F947B89F77F7}.Release|Win32.Build.0 = Release|Win32
		{AB59DBB4-CC74-4FD6-928E-F947B89F77F7}.Release|x64.ActiveCfg = Release|x64
		{AB59DBB4-CC74-4FD6-928E-F947B89F77F7}.Release|x64.Build.0 = Release|x64
		{AB59DBB4-CC74-4FD6-928E-F947B89F77F7}.win10 Debug|Win32.ActiveCfg = Debug|Win32
		{AB59DBB4-CC74-4FD6-928E-F947B89F77F7}.win10 Debug|Win32.Build.0 = Debug|Win32
		{AB59DBB4-CC74-4FD6-928E-F947B89F77F7}.win10 Debug|x64.ActiveCfg = Debug|x64
		{AB59DBB4-CC74-4FD6-928E-F947B89F77F7}.win10 Debug|x64.Build.0 = Debug|x64
		{AB59DBB4-CC74-4FD6-928E-F947B89F77F7}.Win7 Debug|Win32.ActiveCfg = Debug|Win32
		{AB59DBB4-CC74-4FD6-928E-F947B89F77F7}.Win7 Debug|Win32.Build.0 = Debug|Win32
		{AB59DBB4-CC74-4FD6-928E-F947B89F77F7}.Win7 Debug|x64.ActiveCfg = Debug|x64
		{AB59DBB4-CC74-4FD6-928E-F947B89F77F7}.Win7 Debug|x64.Build.0 = Debug|x64
		{AB59DBB4-CC74-4FD6-928E-F947B89F77F7}.Win7 Release|Win32.ActiveCfg = Release|Win32
		{AB59DBB4-CC74-4FD6-928E-F947B89F77F7}.Win7 Release|Win32.Build.0 = Release|Win32
		{AB59DBB4-CC74-4FD6-928E-F947B89F77F7}.Win7 Release|x64.ActiveCfg = Release|x64
		{AB59DBB4-CC74-4FD6-928E-F947B89F77F7}.Win7 Release|x64.Build.0 = Release|x64
		{AB59DBB4-CC74-4FD6-928E-F947B89F77F7}.Win8 Debug|Win32.ActiveCfg = Debug|Win32
		{AB59DBB4-CC74-4FD6-928E-F947B89F77F7}.Win8 Debug|Win32.Build.0 = Debug|Win32
		{AB59DBB4-CC74-4FD6-928E-F947B89F77F7}.Win8 Debug|x64.ActiveCfg = Debug|x64
		{AB59DBB4-CC74-4FD6-928E-F947B89F77F7}.Win8 Debug|x64.Build.0 = Debug|x64
		{AB59DBB4-CC74-4FD6-928E-F947B89F77F7}.Win8 Release|Win32.ActiveCfg = Release|Win32
		{AB59DBB4-CC74-4FD6-928E-F947B89F77F7}.Win8 Release|Win32.Build.0 = Release|Win32
		{AB59DBB4-CC74-4FD6-928E-F947B89F77F7}.Win8 Release|x64.ActiveCfg = Release|x64
		{AB59DBB4-CC74-4FD6-928E-F947B89F77F7}.Win8 Release|x64.Build.0 = Release|x64
		{AB59DBB4-CC74-4FD6-928E-F947B89F77F7}.Win8.1 Debug|Win32.ActiveCfg = Debug|Win32
		{AB59DBB4-CC74-4FD6-928E-F947B89F77F7}.Win8.1 Debug|Win32.Build.0 = Debug|Win32
		{AB59DBB4-CC74-4FD6-928E-F947B89F77F7}.Win8.1 Debug|x64.ActiveCfg = Debug|x64
		{AB59DBB4-CC74-4FD6-928E-F947B89F77F7}.Win8.1 Debug|x64.Build.0 = Debug|x64
		{AB59DBB4-CC74-4FD6-928E-F947B89F77F7}.Win8.1 Release|Win32.ActiveCfg = Release|Win32
		{AB59DBB4-CC74-4FD6-928E-F947B89F77F7}.Win8.1 Release|Win32.Build.0 = Release|Win32
		{AB59DBB4-CC74-4FD6-928E-F947B89F77F7}.Win8.1 Release|x64.ActiveCfg = Release|x64
		{AB59DBB4-CC74-4FD6-928E-F947B89F77F7}.Win8.1 Release|x64.Build.0 = Release|x64
		{9868119E-A6EF-4E9A-9F59-ADDD73113260}.Debug|Win32.ActiveCfg = win10 Debug|Win32
		{9868119E-A6EF-4E9A-9F59-ADDD73113260}.Debug|Win32.Build.0 = win10 Debug|Win32
		{9868119E-A6EF-4E9A-9F59-ADDD73113260}.Debug|Win32.Deploy.0 = win10 Debug|Win32
		{9868119E-A6EF-4E9A-9F59-ADDD73113260}.Debug|x64.ActiveCfg = win10 Debug|x64
		{9868119E-A6EF-4E9A-9F59-ADDD73113260}.Debug|x64.Build.0 = win10 Debug|x64
		{9868119E-A6EF-4E9A-9F59-ADDD73113260}.Debug|x64.Deploy.0 = win10 Debug|x64
		{9868119E-A6EF-4E9A-9F59-ADDD73113260}.Release|Win32.ActiveCfg = win10 Debug|Win32
		{9868119E-A6EF-4E9A-9F59-ADDD73113260}.Release|Win32.Build.0 = win10 Debug|Win32
		{9868119E-A6EF-4E9A-9F59-ADDD73113260}.Release|Win32.Deploy.0 = win10 Debug|Win32
		{9868119E-A6EF-4E9A-9F59-ADDD73113260}.Release|x64.ActiveCfg = win10 Debug|x64
		{9868119E-A6EF-4E9A-9F59-ADDD73113260}.Release|x64.Build.0 = win10 Debug|x64
		{9868119E-A6EF-4E9A-9F59-ADDD73113260}.Release|x64.Deploy.0 = win10 Debug|x64
		{9868119E-A6EF-4E9A-9F59-ADDD73113260}.win10 Debug|Win32.ActiveCfg = win10 Debug|Win32
		{9868119E-A6EF-4E9A-9F59-ADDD73113260}.win10 Debug|Win32.Build.0 = win10 Debug|Win32
		{9868119E-A6EF-4E9A-9F59-ADDD73113260}.win10 Debug|Win32.Deploy.0 = win10 Debug|Win32
		{9868119E-A6EF-4E9A-9F59-ADDD73113260}.win10 Debug|x64.ActiveCfg = win10 Debug|x64
		{9868119E-A6EF-4E9A-9F59-ADDD73113260}.win10 Debug|x64.Build.0 = win10 Debug|x64
		{9868119E-A6EF-4E9A-9F59-ADDD73113260}.win10 Debug|x64.Deploy.0 = win10 Debug|x64
		{9868119E-A6EF-4E9A-9F59-ADDD73113260}.Win7 Debug|Win32.ActiveCfg = win10 Debug|Win32
		{9868119E-A6EF-4E9A-9F59-ADDD73113260}.Win7 Debug|Win32.Build.0 = win10 Debug|Win32
		{9868119E-A6EF-4E9A-9F59-ADDD73113260}.Win7 Debug|Win32.Deploy.0 = win10 Debug|Win32
		{9868119E-A6EF-4E9A-9F59-ADDD73113260}.Win7 Debug|x64.ActiveCfg = win10 Debug|x64
		{9868119E-A6EF-4E9A-9F59-ADDD73113260}.Win7 Debug|x64.Build.0 = win10 Debug|x64
		{9868119E-A6EF-4E9A-9F59-ADDD73113260}.Win7 Debug|x64.Deploy.0 = win10 Debug|x64
		{9868119E-A6EF-4E9A-9F59-ADDD73113260}.Win7 Release|Win32.ActiveCfg = win10 Debug|Win32
		{9868119E-A6EF-4E9A-9F59-ADDD73113260}.Win7 Release|Win32.Build.0 = win10 Debug|Win32
		{9868119E-A6EF-4E9A-9F59-ADDD73113260}.Win7 Release|Win32.Deploy.0 = win10 Debug|Win32
		{9868119E-A6EF-4E9A-9F59-ADDD73113260}.Win7 Release|x64.ActiveCfg = win10 Debug|x64
		{9868119E-A6EF-4E9A-9F59-ADDD73113260}.Win7 Release|x64.Build.0 = win10 Debug|x64
		{9868119E-A6EF-4E9A-9F59-ADDD73113260}.Win7 Release|x64.Deploy.0 = win10 Debug|x64
		{9868119E-A6EF-4E9A-9F59-ADDD73113260}.Win8 Debug|Win32.ActiveCfg = win10 Debug|Win32
		{9868119E-A6EF-4E9A-9F59-ADDD73113260}.Win8 Debug|Win32.Build.0 = win10 Debug|Win32
		{9868119E-A6EF-4E9A-9F59-ADDD73113260}.Win8 Debug|Win32.Deploy.0 = win10 Debug|Win32
		{9868119E-A6EF-4E9A-9F59-ADDD73113260}.Win8 Debug|x64.ActiveCfg = win10 Debug|x64
		{9868119E-A6EF-4E9A-9F59-ADDD73113260}.Win8 Debug|x64.Build.0 = win10 Debug|x64
		{9868119E-A6EF-4E9A-9F59-ADDD73113260}.Win8 Debug|x64.Deploy.0 = win10 Debug|x64
		{9868119E-A6EF-4E9A-9F59-ADDD73113260}.Win8 Release|Win32.ActiveCfg = win10 Debug|Win32
		{9868119E-A6EF-4E9A-9F59-ADDD73113260}.Win8 Release|Win32.Build.0 = win10 Debug|Win32
		{9868119E-A6EF-4E9A-9F59-ADDD73113260}.Win8 Release|Win32.Deploy.0 = win10 Debug|Win32
		{9868119E-A6EF-4E9A-9F59-ADDD73113260}.Win8 Release|x64.ActiveCfg = win10 Debug|x64
		{9868119E-A6EF-4E9A-9F59-ADDD73113260}.Win8 Release|x64.Build.0 = win10 Debug|x64
		{9868119E-A6EF-4E9A-9F59-ADDD73113260}.Win8 Release|x64.Deploy.0 = win10 Debug|x64
		{9868119E-A6EF-4E9A-9F59-ADDD73113260}.Win8.1 Debug|Win32.ActiveCfg = win10 Debug|Win32
		{9868119E-A6EF-4E9A-9F59-ADDD73113260}.Win8.1 Debug|Win32.Build.0 = win10 Debug|Win32
		{9868119E-A6EF-4E9A-9F59-ADDD73113260}.Win8.1 Debug|Win32.Deploy.0 = win10 Debug|Win32
		{9868119E-A6EF-4E9A-9F59-ADDD73113260}.Win8.1 Debug|x64.ActiveCfg = win10 Debug|x64
		{9868119E-A6EF-4E9A-9F59-ADDD73113260}.Win8.1 Debug|x64.Build.0 = win10 Debug|x64
		{9868119E-A6EF-4E9A-9F59-ADDD73113260}.Win8.1 Debug|x64.Deploy.0 = win10 Debug|x64
		{9868119E-A6EF-4E9A-9F59-ADDD73113260}.Win8.1 Release|Win32.ActiveCfg = win10 Debug|Win32
		{9868119E-A6EF-4E9A-9F59-ADDD73113260}.Win8.1 Release|Win32.Build.0 = win10 Debug|Win32
		{9868119E-A6EF-4E9A-9F59-ADDD73113260}.Win8.1 Release|Win32.Deploy.0 = win10 Debug|Win32
		{9868119E-A6EF-4E9A-9F59-ADDD73113260}.Win8.1 Release|x64.ActiveCfg = win10 Debug|x64
		{9868119E-A6EF-4E9A-9F59-ADDD73113260}.Win8.1 Release|x64.Build.0 = win10 Debug|x64
		{9868119E-A6EF-4E9A-9F59-ADDD73113260}.Win8.1 Release|x64.Deploy.0 = win10 Debug|x64
	EndGlobalSection
	GlobalSection(SolutionProperties) = preSolution
		HideSolutionNode = FALSE
	EndGlobalSection
	GlobalSection(ExtensibilityGlobals) = postSolution
		SolutionGuid = {21FD13C1-362D-4935-9BB4-D779855557C7}
	EndGlobalSection
EndGlobal
