
Microsoft Visual Studio Solution File, Format Version 12.00
# Visual Studio Version 16
VisualStudioVersion = 16.0.32802.440
MinimumVisualStudioVersion = 10.0.40219.1
Project("{8BC9CEB8-8B4A-11D0-8D11-00A0C91BC942}") = "install_service", "install_service\install_service.vcxproj", "{3181E00D-A914-4BA6-92D2-1753D71CE6A5}"
EndProject
Project("{8BC9CEB8-8B4A-11D0-8D11-00A0C91BC942}") = "remove_service", "remove_service\remove_service.vcxproj", "{89A07376-3D22-44F8-87E8-1DEC09074A76}"
EndProject
Project("{8BC9CEB8-8B4A-11D0-8D11-00A0C91BC942}") = "start_service", "start_service\start_service.vcxproj", "{8384D36F-B0D6-4AB9-9C63-8F68FEF4BBC0}"
EndProject
Project("{8BC9CEB8-8B4A-11D0-8D11-00A0C91BC942}") = "stop_service", "stop_service\stop_service.vcxproj", "{AB59DBB4-CC74-4FD6-928E-F947B89F77F7}"
EndProject
Project("{8BC9CEB8-8B4A-11D0-8D11-00A0C91BC942}") = "wdf_simple_device", "wdf_simple_device\wdf_simple_device.vcxproj", "{C1CF1947-5AB7-4DD5-ADCA-58EAF71FA136}"
EndProject
Project("{8BC9CEB8-8B4A-11D0-8D11-00A0C91BC942}") = "wdm_simple_device", "wdm_simple_device\wdm_simple_device.vcxproj", "{FF1DF692-D4DD-4A17-8B63-AA3EFE14E709}"
EndProject
Project("{8BC9CEB8-8B4A-11D0-8D11-00A0C91BC942}") = "fileopen", "fileopen\fileopen.vcxproj", "{8A01101A-B5C8-4650-8762-27AB31CF5235}"
EndProject
Global
	GlobalSection(SolutionConfigurationPlatforms) = preSolution
		Debug|ARM = Debug|ARM
		Debug|ARM64 = Debug|ARM64
		Debug|x64 = Debug|x64
		Debug|x86 = Debug|x86
		Release|ARM = Release|ARM
		Release|ARM64 = Release|ARM64
		Release|x64 = Release|x64
		Release|x86 = Release|x86
	EndGlobalSection
	GlobalSection(ProjectConfigurationPlatforms) = postSolution
		{3181E00D-A914-4BA6-92D2-1753D71CE6A5}.Debug|ARM.ActiveCfg = Debug|Win32
		{3181E00D-A914-4BA6-92D2-1753D71CE6A5}.Debug|ARM64.ActiveCfg = Debug|Win32
		{3181E00D-A914-4BA6-92D2-1753D71CE6A5}.Debug|x64.ActiveCfg = Debug|x64
		{3181E00D-A914-4BA6-92D2-1753D71CE6A5}.Debug|x64.Build.0 = Debug|x64
		{3181E00D-A914-4BA6-92D2-1753D71CE6A5}.Debug|x86.ActiveCfg = Debug|Win32
		{3181E00D-A914-4BA6-92D2-1753D71CE6A5}.Debug|x86.Build.0 = Debug|Win32
		{3181E00D-A914-4BA6-92D2-1753D71CE6A5}.Release|ARM.ActiveCfg = Release|Win32
		{3181E00D-A914-4BA6-92D2-1753D71CE6A5}.Release|ARM64.ActiveCfg = Release|Win32
		{3181E00D-A914-4BA6-92D2-1753D71CE6A5}.Release|x64.ActiveCfg = Release|x64
		{3181E00D-A914-4BA6-92D2-1753D71CE6A5}.Release|x64.Build.0 = Release|x64
		{3181E00D-A914-4BA6-92D2-1753D71CE6A5}.Release|x86.ActiveCfg = Release|Win32
		{3181E00D-A914-4BA6-92D2-1753D71CE6A5}.Release|x86.Build.0 = Release|Win32
		{89A07376-3D22-44F8-87E8-1DEC09074A76}.Debug|ARM.ActiveCfg = Debug|Win32
		{89A07376-3D22-44F8-87E8-1DEC09074A76}.Debug|ARM64.ActiveCfg = Debug|Win32
		{89A07376-3D22-44F8-87E8-1DEC09074A76}.Debug|x64.ActiveCfg = Debug|x64
		{89A07376-3D22-44F8-87E8-1DEC09074A76}.Debug|x64.Build.0 = Debug|x64
		{89A07376-3D22-44F8-87E8-1DEC09074A76}.Debug|x86.ActiveCfg = Debug|Win32
		{89A07376-3D22-44F8-87E8-1DEC09074A76}.Debug|x86.Build.0 = Debug|Win32
		{89A07376-3D22-44F8-87E8-1DEC09074A76}.Release|ARM.ActiveCfg = Release|Win32
		{89A07376-3D22-44F8-87E8-1DEC09074A76}.Release|ARM64.ActiveCfg = Release|Win32
		{89A07376-3D22-44F8-87E8-1DEC09074A76}.Release|x64.ActiveCfg = Release|x64
		{89A07376-3D22-44F8-87E8-1DEC09074A76}.Release|x64.Build.0 = Release|x64
		{89A07376-3D22-44F8-87E8-1DEC09074A76}.Release|x86.ActiveCfg = Release|Win32
		{89A07376-3D22-44F8-87E8-1DEC09074A76}.Release|x86.Build.0 = Release|Win32
		{8384D36F-B0D6-4AB9-9C63-8F68FEF4BBC0}.Debug|ARM.ActiveCfg = Debug|Win32
		{8384D36F-B0D6-4AB9-9C63-8F68FEF4BBC0}.Debug|ARM64.ActiveCfg = Debug|Win32
		{8384D36F-B0D6-4AB9-9C63-8F68FEF4BBC0}.Debug|x64.ActiveCfg = Debug|x64
		{8384D36F-B0D6-4AB9-9C63-8F68FEF4BBC0}.Debug|x64.Build.0 = Debug|x64
		{8384D36F-B0D6-4AB9-9C63-8F68FEF4BBC0}.Debug|x86.ActiveCfg = Debug|Win32
		{8384D36F-B0D6-4AB9-9C63-8F68FEF4BBC0}.Debug|x86.Build.0 = Debug|Win32
		{8384D36F-B0D6-4AB9-9C63-8F68FEF4BBC0}.Release|ARM.ActiveCfg = Release|Win32
		{8384D36F-B0D6-4AB9-9C63-8F68FEF4BBC0}.Release|ARM64.ActiveCfg = Release|Win32
		{8384D36F-B0D6-4AB9-9C63-8F68FEF4BBC0}.Release|x64.ActiveCfg = Release|x64
		{8384D36F-B0D6-4AB9-9C63-8F68FEF4BBC0}.Release|x64.Build.0 = Release|x64
		{8384D36F-B0D6-4AB9-9C63-8F68FEF4BBC0}.Release|x86.ActiveCfg = Release|Win32
		{8384D36F-B0D6-4AB9-9C63-8F68FEF4BBC0}.Release|x86.Build.0 = Release|Win32
		{AB59DBB4-CC74-4FD6-928E-F947B89F77F7}.Debug|ARM.ActiveCfg = Debug|Win32
		{AB59DBB4-CC74-4FD6-928E-F947B89F77F7}.Debug|ARM64.ActiveCfg = Debug|Win32
		{AB59DBB4-CC74-4FD6-928E-F947B89F77F7}.Debug|x64.ActiveCfg = Debug|x64
		{AB59DBB4-CC74-4FD6-928E-F947B89F77F7}.Debug|x64.Build.0 = Debug|x64
		{AB59DBB4-CC74-4FD6-928E-F947B89F77F7}.Debug|x86.ActiveCfg = Debug|Win32
		{AB59DBB4-CC74-4FD6-928E-F947B89F77F7}.Debug|x86.Build.0 = Debug|Win32
		{AB59DBB4-CC74-4FD6-928E-F947B89F77F7}.Release|ARM.ActiveCfg = Release|Win32
		{AB59DBB4-CC74-4FD6-928E-F947B89F77F7}.Release|ARM64.ActiveCfg = Release|Win32
		{AB59DBB4-CC74-4FD6-928E-F947B89F77F7}.Release|x64.ActiveCfg = Release|x64
		{AB59DBB4-CC74-4FD6-928E-F947B89F77F7}.Release|x64.Build.0 = Release|x64
		{AB59DBB4-CC74-4FD6-928E-F947B89F77F7}.Release|x86.ActiveCfg = Release|Win32
		{AB59DBB4-CC74-4FD6-928E-F947B89F77F7}.Release|x86.Build.0 = Release|Win32
		{C1CF1947-5AB7-4DD5-ADCA-58EAF71FA136}.Debug|ARM.ActiveCfg = Debug|ARM
		{C1CF1947-5AB7-4DD5-ADCA-58EAF71FA136}.Debug|ARM.Build.0 = Debug|ARM
		{C1CF1947-5AB7-4DD5-ADCA-58EAF71FA136}.Debug|ARM.Deploy.0 = Debug|ARM
		{C1CF1947-5AB7-4DD5-ADCA-58EAF71FA136}.Debug|ARM64.ActiveCfg = Debug|ARM64
		{C1CF1947-5AB7-4DD5-ADCA-58EAF71FA136}.Debug|ARM64.Build.0 = Debug|ARM64
		{C1CF1947-5AB7-4DD5-ADCA-58EAF71FA136}.Debug|ARM64.Deploy.0 = Debug|ARM64
		{C1CF1947-5AB7-4DD5-ADCA-58EAF71FA136}.Debug|x64.ActiveCfg = Debug|x64
		{C1CF1947-5AB7-4DD5-ADCA-58EAF71FA136}.Debug|x64.Build.0 = Debug|x64
		{C1CF1947-5AB7-4DD5-ADCA-58EAF71FA136}.Debug|x64.Deploy.0 = Debug|x64
		{C1CF1947-5AB7-4DD5-ADCA-58EAF71FA136}.Debug|x86.ActiveCfg = Debug|Win32
		{C1CF1947-5AB7-4DD5-ADCA-58EAF71FA136}.Debug|x86.Build.0 = Debug|Win32
		{C1CF1947-5AB7-4DD5-ADCA-58EAF71FA136}.Debug|x86.Deploy.0 = Debug|Win32
		{C1CF1947-5AB7-4DD5-ADCA-58EAF71FA136}.Release|ARM.ActiveCfg = Release|ARM
		{C1CF1947-5AB7-4DD5-ADCA-58EAF71FA136}.Release|ARM.Build.0 = Release|ARM
		{C1CF1947-5AB7-4DD5-ADCA-58EAF71FA136}.Release|ARM.Deploy.0 = Release|ARM
		{C1CF1947-5AB7-4DD5-ADCA-58EAF71FA136}.Release|ARM64.ActiveCfg = Release|ARM64
		{C1CF1947-5AB7-4DD5-ADCA-58EAF71FA136}.Release|ARM64.Build.0 = Release|ARM64
		{C1CF1947-5AB7-4DD5-ADCA-58EAF71FA136}.Release|ARM64.Deploy.0 = Release|ARM64
		{C1CF1947-5AB7-4DD5-ADCA-58EAF71FA136}.Release|x64.ActiveCfg = Release|x64
		{C1CF1947-5AB7-4DD5-ADCA-58EAF71FA136}.Release|x64.Build.0 = Release|x64
		{C1CF1947-5AB7-4DD5-ADCA-58EAF71FA136}.Release|x64.Deploy.0 = Release|x64
		{C1CF1947-5AB7-4DD5-ADCA-58EAF71FA136}.Release|x86.ActiveCfg = Release|Win32
		{C1CF1947-5AB7-4DD5-ADCA-58EAF71FA136}.Release|x86.Build.0 = Release|Win32
		{C1CF1947-5AB7-4DD5-ADCA-58EAF71FA136}.Release|x86.Deploy.0 = Release|Win32
		{FF1DF692-D4DD-4A17-8B63-AA3EFE14E709}.Debug|ARM.ActiveCfg = Debug|ARM
		{FF1DF692-D4DD-4A17-8B63-AA3EFE14E709}.Debug|ARM.Build.0 = Debug|ARM
		{FF1DF692-D4DD-4A17-8B63-AA3EFE14E709}.Debug|ARM.Deploy.0 = Debug|ARM
		{FF1DF692-D4DD-4A17-8B63-AA3EFE14E709}.Debug|ARM64.ActiveCfg = Debug|ARM64
		{FF1DF692-D4DD-4A17-8B63-AA3EFE14E709}.Debug|ARM64.Build.0 = Debug|ARM64
		{FF1DF692-D4DD-4A17-8B63-AA3EFE14E709}.Debug|ARM64.Deploy.0 = Debug|ARM64
		{FF1DF692-D4DD-4A17-8B63-AA3EFE14E709}.Debug|x64.ActiveCfg = Debug|x64
		{FF1DF692-D4DD-4A17-8B63-AA3EFE14E709}.Debug|x64.Build.0 = Debug|x64
		{FF1DF692-D4DD-4A17-8B63-AA3EFE14E709}.Debug|x64.Deploy.0 = Debug|x64
		{FF1DF692-D4DD-4A17-8B63-AA3EFE14E709}.Debug|x86.ActiveCfg = Debug|Win32
		{FF1DF692-D4DD-4A17-8B63-AA3EFE14E709}.Debug|x86.Build.0 = Debug|Win32
		{FF1DF692-D4DD-4A17-8B63-AA3EFE14E709}.Debug|x86.Deploy.0 = Debug|Win32
		{FF1DF692-D4DD-4A17-8B63-AA3EFE14E709}.Release|ARM.ActiveCfg = Release|ARM
		{FF1DF692-D4DD-4A17-8B63-AA3EFE14E709}.Release|ARM.Build.0 = Release|ARM
		{FF1DF692-D4DD-4A17-8B63-AA3EFE14E709}.Release|ARM.Deploy.0 = Release|ARM
		{FF1DF692-D4DD-4A17-8B63-AA3EFE14E709}.Release|ARM64.ActiveCfg = Release|ARM64
		{FF1DF692-D4DD-4A17-8B63-AA3EFE14E709}.Release|ARM64.Build.0 = Release|ARM64
		{FF1DF692-D4DD-4A17-8B63-AA3EFE14E709}.Release|ARM64.Deploy.0 = Release|ARM64
		{FF1DF692-D4DD-4A17-8B63-AA3EFE14E709}.Release|x64.ActiveCfg = Release|x64
		{FF1DF692-D4DD-4A17-8B63-AA3EFE14E709}.Release|x64.Build.0 = Release|x64
		{FF1DF692-D4DD-4A17-8B63-AA3EFE14E709}.Release|x64.Deploy.0 = Release|x64
		{FF1DF692-D4DD-4A17-8B63-AA3EFE14E709}.Release|x86.ActiveCfg = Release|Win32
		{FF1DF692-D4DD-4A17-8B63-AA3EFE14E709}.Release|x86.Build.0 = Release|Win32
		{FF1DF692-D4DD-4A17-8B63-AA3EFE14E709}.Release|x86.Deploy.0 = Release|Win32
		{8A01101A-B5C8-4650-8762-27AB31CF5235}.Debug|ARM.ActiveCfg = Debug|Win32
		{8A01101A-B5C8-4650-8762-27AB31CF5235}.Debug|ARM64.ActiveCfg = Debug|Win32
		{8A01101A-B5C8-4650-8762-27AB31CF5235}.Debug|x64.ActiveCfg = Debug|x64
		{8A01101A-B5C8-4650-8762-27AB31CF5235}.Debug|x64.Build.0 = Debug|x64
		{8A01101A-B5C8-4650-8762-27AB31CF5235}.Debug|x86.ActiveCfg = Debug|Win32
		{8A01101A-B5C8-4650-8762-27AB31CF5235}.Debug|x86.Build.0 = Debug|Win32
		{8A01101A-B5C8-4650-8762-27AB31CF5235}.Release|ARM.ActiveCfg = Release|Win32
		{8A01101A-B5C8-4650-8762-27AB31CF5235}.Release|ARM64.ActiveCfg = Release|Win32
		{8A01101A-B5C8-4650-8762-27AB31CF5235}.Release|x64.ActiveCfg = Release|x64
		{8A01101A-B5C8-4650-8762-27AB31CF5235}.Release|x64.Build.0 = Release|x64
		{8A01101A-B5C8-4650-8762-27AB31CF5235}.Release|x86.ActiveCfg = Release|Win32
		{8A01101A-B5C8-4650-8762-27AB31CF5235}.Release|x86.Build.0 = Release|Win32
	EndGlobalSection
	GlobalSection(SolutionProperties) = preSolution
		HideSolutionNode = FALSE
	EndGlobalSection
	GlobalSection(ExtensibilityGlobals) = postSolution
		SolutionGuid = {CD02C3EC-2B85-4545-B71F-2DCA5250F9F3}
	EndGlobalSection
EndGlobal
